
Microsoft Visual Studio Solution File, Format Version 12.00
# Visual Studio 15
VisualStudioVersion = 15.0.28307.329
MinimumVisualStudioVersion = 10.0.40219.1
Project("{FAE04EC0-301F-11D3-BF4B-00C04F79EFBC}") = "StockManagementApp", "StockManagementApp\StockManagementApp.csproj", "{C8EA356B-92E9-4AF7-B434-9560C51C3215}"
EndProject
Global
	GlobalSection(SolutionConfigurationPlatforms) = preSolution
		Debug|Any CPU = Debug|Any CPU
		Release|Any CPU = Release|Any CPU
	EndGlobalSection
	GlobalSection(ProjectConfigurationPlatforms) = postSolution
		{C8EA356B-92E9-4AF7-B434-9560C51C3215}.Debug|Any CPU.ActiveCfg = Debug|Any CPU
		{C8EA356B-92E9-4AF7-B434-9560C51C3215}.Debug|Any CPU.Build.0 = Debug|Any CPU
		{C8EA356B-92E9-4AF7-B434-9560C51C3215}.Release|Any CPU.ActiveCfg = Release|Any CPU
		{C8EA356B-92E9-4AF7-B434-9560C51C3215}.Release|Any CPU.Build.0 = Release|Any CPU
	EndGlobalSection
	GlobalSection(SolutionProperties) = preSolution
		HideSolutionNode = FALSE
	EndGlobalSection
	GlobalSection(ExtensibilityGlobals) = postSolution
		SolutionGuid = {CE89F49C-5DC0-4A4D-B7CF-532C65131289}
	EndGlobalSection
EndGlobal
